
Microsoft Visual Studio Solution File, Format Version 12.00
# Visual Studio Version 17
VisualStudioVersion = 17.5.33424.131
MinimumVisualStudioVersion = 10.0.40219.1
Project("{9A19103F-16F7-4668-BE54-9A1E7A4F7556}") = "1.CardGame", "CardGame\1.CardGame.csproj", "{E575AC3C-6700-487D-9782-9B2FC8BE164D}"
EndProject
Project("{9A19103F-16F7-4668-BE54-9A1E7A4F7556}") = "2.MatchMaking", "matchmaking\2.MatchMaking.csproj", "{28AA9D66-F16A-492A-A0B3-F50222D22590}"
EndProject
Project("{9A19103F-16F7-4668-BE54-9A1E7A4F7556}") = "3.CardGame2", "CardGame2\3.CardGame2.csproj", "{37AC9D68-B397-4F1F-98C6-2EDB46CF0696}"
EndProject
Project("{9A19103F-16F7-4668-BE54-9A1E7A4F7556}") = "4.Collision", "Collision\4.Collision.csproj", "{5DA8B3CE-4AF6-4361-9037-ACFF6D08DBD6}"
EndProject
Project("{9A19103F-16F7-4668-BE54-9A1E7A4F7556}") = "CardGameBigTwo", "CardGameBigTwo\CardGameBigTwo.csproj", "{4187E262-AF87-42F3-937A-4BF0F9216032}"
EndProject
Global
	GlobalSection(SolutionConfigurationPlatforms) = preSolution
		Debug|Any CPU = Debug|Any CPU
		Release|Any CPU = Release|Any CPU
	EndGlobalSection
	GlobalSection(ProjectConfigurationPlatforms) = postSolution
		{E575AC3C-6700-487D-9782-9B2FC8BE164D}.Debug|Any CPU.ActiveCfg = Debug|Any CPU
		{E575AC3C-6700-487D-9782-9B2FC8BE164D}.Debug|Any CPU.Build.0 = Debug|Any CPU
		{E575AC3C-6700-487D-9782-9B2FC8BE164D}.Release|Any CPU.ActiveCfg = Release|Any CPU
		{E575AC3C-6700-487D-9782-9B2FC8BE164D}.Release|Any CPU.Build.0 = Release|Any CPU
		{28AA9D66-F16A-492A-A0B3-F50222D22590}.Debug|Any CPU.ActiveCfg = Debug|Any CPU
		{28AA9D66-F16A-492A-A0B3-F50222D22590}.Debug|Any CPU.Build.0 = Debug|Any CPU
		{28AA9D66-F16A-492A-A0B3-F50222D22590}.Release|Any CPU.ActiveCfg = Release|Any CPU
		{28AA9D66-F16A-492A-A0B3-F50222D22590}.Release|Any CPU.Build.0 = Release|Any CPU
		{37AC9D68-B397-4F1F-98C6-2EDB46CF0696}.Debug|Any CPU.ActiveCfg = Debug|Any CPU
		{37AC9D68-B397-4F1F-98C6-2EDB46CF0696}.Debug|Any CPU.Build.0 = Debug|Any CPU
		{37AC9D68-B397-4F1F-98C6-2EDB46CF0696}.Release|Any CPU.ActiveCfg = Release|Any CPU
		{37AC9D68-B397-4F1F-98C6-2EDB46CF0696}.Release|Any CPU.Build.0 = Release|Any CPU
		{5DA8B3CE-4AF6-4361-9037-ACFF6D08DBD6}.Debug|Any CPU.ActiveCfg = Debug|Any CPU
		{5DA8B3CE-4AF6-4361-9037-ACFF6D08DBD6}.Debug|Any CPU.Build.0 = Debug|Any CPU
		{5DA8B3CE-4AF6-4361-9037-ACFF6D08DBD6}.Release|Any CPU.ActiveCfg = Release|Any CPU
		{5DA8B3CE-4AF6-4361-9037-ACFF6D08DBD6}.Release|Any CPU.Build.0 = Release|Any CPU
		{4187E262-AF87-42F3-937A-4BF0F9216032}.Debug|Any CPU.ActiveCfg = Debug|Any CPU
		{4187E262-AF87-42F3-937A-4BF0F9216032}.Debug|Any CPU.Build.0 = Debug|Any CPU
		{4187E262-AF87-42F3-937A-4BF0F9216032}.Release|Any CPU.ActiveCfg = Release|Any CPU
		{4187E262-AF87-42F3-937A-4BF0F9216032}.Release|Any CPU.Build.0 = Release|Any CPU
	EndGlobalSection
	GlobalSection(SolutionProperties) = preSolution
		HideSolutionNode = FALSE
	EndGlobalSection
	GlobalSection(ExtensibilityGlobals) = postSolution
		SolutionGuid = {5D6842D4-37AA-406E-B9D9-071876113740}
	EndGlobalSection
EndGlobal
