
Microsoft Visual Studio Solution File, Format Version 12.00
# Visual Studio Version 17
VisualStudioVersion = 17.5.33424.131
MinimumVisualStudioVersion = 10.0.40219.1
Project("{9A19103F-16F7-4668-BE54-9A1E7A4F7556}") = "1.CardGame", "CardGame\1.CardGame.csproj", "{E575AC3C-6700-487D-9782-9B2FC8BE164D}"
EndProject
Project("{9A19103F-16F7-4668-BE54-9A1E7A4F7556}") = "2.MatchMaking", "matchmaking\2.MatchMaking.csproj", "{28AA9D66-F16A-492A-A0B3-F50222D22590}"
EndProject
Project("{9A19103F-16F7-4668-BE54-9A1E7A4F7556}") = "4.Collision", "Collision\4.Collision.csproj", "{5DA8B3CE-4AF6-4361-9037-ACFF6D08DBD6}"
EndProject
Project("{9A19103F-16F7-4668-BE54-9A1E7A4F7556}") = "5.CardGameBigTwo", "CardGameBigTwo\5.CardGameBigTwo.csproj", "{4187E262-AF87-42F3-937A-4BF0F9216032}"
EndProject
Project("{9A19103F-16F7-4668-BE54-9A1E7A4F7556}") = "6.YoutobeSubscribe", "YoutobeSubscribe\6.YoutobeSubscribe.csproj", "{B4950AD1-9A60-4A11-BA65-085A5A62E382}"
EndProject
Project("{9A19103F-16F7-4668-BE54-9A1E7A4F7556}") = "7.CommandPattern", "7.CommandPattern\7.CommandPattern.csproj", "{CD9EAA7A-DB1C-43A7-A106-F2E1977250C0}"
EndProject
Project("{9A19103F-16F7-4668-BE54-9A1E7A4F7556}") = "8.StatePattern", "8.StatePattern\8.StatePattern.csproj", "{F7895891-A7CA-4D0A-B6C2-1692670BF1C3}"
EndProject
Project("{9A19103F-16F7-4668-BE54-9A1E7A4F7556}") = "8.TicketSystem", "8.StateMachine\8.TicketSystem.csproj", "{F127DC29-B358-4F26-97CB-74DD18DD9151}"
EndProject
Project("{9A19103F-16F7-4668-BE54-9A1E7A4F7556}") = "3.UnoGame", "3.UnoGame\3.UnoGame.csproj", "{91EED31F-C48A-4CDE-AAA1-72BD62C76EB4}"
EndProject
Project("{9A19103F-16F7-4668-BE54-9A1E7A4F7556}") = "3.CardTemplate", "CardGameTemplate\3.CardTemplate.csproj", "{8BF6E927-00E3-4AE9-AAA4-FCA9CA2CBC29}"
EndProject
Global
	GlobalSection(SolutionConfigurationPlatforms) = preSolution
		Debug|Any CPU = Debug|Any CPU
		Release|Any CPU = Release|Any CPU
	EndGlobalSection
	GlobalSection(ProjectConfigurationPlatforms) = postSolution
		{E575AC3C-6700-487D-9782-9B2FC8BE164D}.Debug|Any CPU.ActiveCfg = Debug|Any CPU
		{E575AC3C-6700-487D-9782-9B2FC8BE164D}.Debug|Any CPU.Build.0 = Debug|Any CPU
		{E575AC3C-6700-487D-9782-9B2FC8BE164D}.Release|Any CPU.ActiveCfg = Release|Any CPU
		{E575AC3C-6700-487D-9782-9B2FC8BE164D}.Release|Any CPU.Build.0 = Release|Any CPU
		{28AA9D66-F16A-492A-A0B3-F50222D22590}.Debug|Any CPU.ActiveCfg = Debug|Any CPU
		{28AA9D66-F16A-492A-A0B3-F50222D22590}.Debug|Any CPU.Build.0 = Debug|Any CPU
		{28AA9D66-F16A-492A-A0B3-F50222D22590}.Release|Any CPU.ActiveCfg = Release|Any CPU
		{28AA9D66-F16A-492A-A0B3-F50222D22590}.Release|Any CPU.Build.0 = Release|Any CPU
		{5DA8B3CE-4AF6-4361-9037-ACFF6D08DBD6}.Debug|Any CPU.ActiveCfg = Debug|Any CPU
		{5DA8B3CE-4AF6-4361-9037-ACFF6D08DBD6}.Debug|Any CPU.Build.0 = Debug|Any CPU
		{5DA8B3CE-4AF6-4361-9037-ACFF6D08DBD6}.Release|Any CPU.ActiveCfg = Release|Any CPU
		{5DA8B3CE-4AF6-4361-9037-ACFF6D08DBD6}.Release|Any CPU.Build.0 = Release|Any CPU
		{4187E262-AF87-42F3-937A-4BF0F9216032}.Debug|Any CPU.ActiveCfg = Debug|Any CPU
		{4187E262-AF87-42F3-937A-4BF0F9216032}.Debug|Any CPU.Build.0 = Debug|Any CPU
		{4187E262-AF87-42F3-937A-4BF0F9216032}.Release|Any CPU.ActiveCfg = Release|Any CPU
		{4187E262-AF87-42F3-937A-4BF0F9216032}.Release|Any CPU.Build.0 = Release|Any CPU
		{B4950AD1-9A60-4A11-BA65-085A5A62E382}.Debug|Any CPU.ActiveCfg = Debug|Any CPU
		{B4950AD1-9A60-4A11-BA65-085A5A62E382}.Debug|Any CPU.Build.0 = Debug|Any CPU
		{B4950AD1-9A60-4A11-BA65-085A5A62E382}.Release|Any CPU.ActiveCfg = Release|Any CPU
		{B4950AD1-9A60-4A11-BA65-085A5A62E382}.Release|Any CPU.Build.0 = Release|Any CPU
		{CD9EAA7A-DB1C-43A7-A106-F2E1977250C0}.Debug|Any CPU.ActiveCfg = Debug|Any CPU
		{CD9EAA7A-DB1C-43A7-A106-F2E1977250C0}.Debug|Any CPU.Build.0 = Debug|Any CPU
		{CD9EAA7A-DB1C-43A7-A106-F2E1977250C0}.Release|Any CPU.ActiveCfg = Release|Any CPU
		{CD9EAA7A-DB1C-43A7-A106-F2E1977250C0}.Release|Any CPU.Build.0 = Release|Any CPU
		{F7895891-A7CA-4D0A-B6C2-1692670BF1C3}.Debug|Any CPU.ActiveCfg = Debug|Any CPU
		{F7895891-A7CA-4D0A-B6C2-1692670BF1C3}.Debug|Any CPU.Build.0 = Debug|Any CPU
		{F7895891-A7CA-4D0A-B6C2-1692670BF1C3}.Release|Any CPU.ActiveCfg = Release|Any CPU
		{F7895891-A7CA-4D0A-B6C2-1692670BF1C3}.Release|Any CPU.Build.0 = Release|Any CPU
		{F127DC29-B358-4F26-97CB-74DD18DD9151}.Debug|Any CPU.ActiveCfg = Debug|Any CPU
		{F127DC29-B358-4F26-97CB-74DD18DD9151}.Debug|Any CPU.Build.0 = Debug|Any CPU
		{F127DC29-B358-4F26-97CB-74DD18DD9151}.Release|Any CPU.ActiveCfg = Release|Any CPU
		{F127DC29-B358-4F26-97CB-74DD18DD9151}.Release|Any CPU.Build.0 = Release|Any CPU
		{91EED31F-C48A-4CDE-AAA1-72BD62C76EB4}.Debug|Any CPU.ActiveCfg = Debug|Any CPU
		{91EED31F-C48A-4CDE-AAA1-72BD62C76EB4}.Debug|Any CPU.Build.0 = Debug|Any CPU
		{91EED31F-C48A-4CDE-AAA1-72BD62C76EB4}.Release|Any CPU.ActiveCfg = Release|Any CPU
		{91EED31F-C48A-4CDE-AAA1-72BD62C76EB4}.Release|Any CPU.Build.0 = Release|Any CPU
		{8BF6E927-00E3-4AE9-AAA4-FCA9CA2CBC29}.Debug|Any CPU.ActiveCfg = Debug|Any CPU
		{8BF6E927-00E3-4AE9-AAA4-FCA9CA2CBC29}.Debug|Any CPU.Build.0 = Debug|Any CPU
		{8BF6E927-00E3-4AE9-AAA4-FCA9CA2CBC29}.Release|Any CPU.ActiveCfg = Release|Any CPU
		{8BF6E927-00E3-4AE9-AAA4-FCA9CA2CBC29}.Release|Any CPU.Build.0 = Release|Any CPU
	EndGlobalSection
	GlobalSection(SolutionProperties) = preSolution
		HideSolutionNode = FALSE
	EndGlobalSection
	GlobalSection(ExtensibilityGlobals) = postSolution
		SolutionGuid = {5D6842D4-37AA-406E-B9D9-071876113740}
	EndGlobalSection
EndGlobal
